// !$*UTF8*$!
{
	archiveVersion = 1;
	classes = {
	};
	objectVersion = 46;
	objects = {

/* Begin PBXBuildFile section */
		A4AB55D61AFB48FC004EEA8B /* AppDelegate.swift in Sources */ = {isa = PBXBuildFile; fileRef = A4AB55D51AFB48FC004EEA8B /* AppDelegate.swift */; };
		A4AB55D81AFB48FC004EEA8B /* ViewController.swift in Sources */ = {isa = PBXBuildFile; fileRef = A4AB55D71AFB48FC004EEA8B /* ViewController.swift */; };
		A4AB55DB1AFB48FC004EEA8B /* Main.storyboard in Resources */ = {isa = PBXBuildFile; fileRef = A4AB55D91AFB48FC004EEA8B /* Main.storyboard */; };
		A4AB55DD1AFB48FC004EEA8B /* Images.xcassets in Resources */ = {isa = PBXBuildFile; fileRef = A4AB55DC1AFB48FC004EEA8B /* Images.xcassets */; };
		A4AB55E01AFB48FC004EEA8B /* LaunchScreen.xib in Resources */ = {isa = PBXBuildFile; fileRef = A4AB55DE1AFB48FC004EEA8B /* LaunchScreen.xib */; };
		A4AB55EC1AFB48FC004EEA8B /* week1Tests.swift in Sources */ = {isa = PBXBuildFile; fileRef = A4AB55EB1AFB48FC004EEA8B /* week1Tests.swift */; };
/* End PBXBuildFile section */

/* Begin PBXContainerItemProxy section */
		A4AB55E61AFB48FC004EEA8B /* PBXContainerItemProxy */ = {
			isa = PBXContainerItemProxy;
			containerPortal = A4AB55C81AFB48FC004EEA8B /* Project object */;
			proxyType = 1;
			remoteGlobalIDString = A4AB55CF1AFB48FC004EEA8B;
			remoteInfo = week1;
		};
/* End PBXContainerItemProxy section */

/* Begin PBXFileReference section */
		A4AB55D01AFB48FC004EEA8B /* week1.app */ = {isa = PBXFileReference; explicitFileType = wrapper.application; includeInIndex = 0; path = week1.app; sourceTree = BUILT_PRODUCTS_DIR; };
		A4AB55D41AFB48FC004EEA8B /* Info.plist */ = {isa = PBXFileReference; lastKnownFileType = text.plist.xml; path = Info.plist; sourceTree = "<group>"; };
		A4AB55D51AFB48FC004EEA8B /* AppDelegate.swift */ = {isa = PBXFileReference; lastKnownFileType = sourcecode.swift; path = AppDelegate.swift; sourceTree = "<group>"; };
		A4AB55D71AFB48FC004EEA8B /* ViewController.swift */ = {isa = PBXFileReference; lastKnownFileType = sourcecode.swift; path = ViewController.swift; sourceTree = "<group>"; };
		A4AB55DA1AFB48FC004EEA8B /* Base */ = {isa = PBXFileReference; lastKnownFileType = file.storyboard; name = Base; path = Base.lproj/Main.storyboard; sourceTree = "<group>"; };
		A4AB55DC1AFB48FC004EEA8B /* Images.xcassets */ = {isa = PBXFileReference; lastKnownFileType = folder.assetcatalog; path = Images.xcassets; sourceTree = "<group>"; };
		A4AB55DF1AFB48FC004EEA8B /* Base */ = {isa = PBXFileReference; lastKnownFileType = file.xib; name = Base; path = Base.lproj/LaunchScreen.xib; sourceTree = "<group>"; };
		A4AB55E51AFB48FC004EEA8B /* week1Tests.xctest */ = {isa = PBXFileReference; explicitFileType = wrapper.cfbundle; includeInIndex = 0; path = week1Tests.xctest; sourceTree = BUILT_PRODUCTS_DIR; };
		A4AB55EA1AFB48FC004EEA8B /* Info.plist */ = {isa = PBXFileReference; lastKnownFileType = text.plist.xml; path = Info.plist; sourceTree = "<group>"; };
		A4AB55EB1AFB48FC004EEA8B /* week1Tests.swift */ = {isa = PBXFileReference; lastKnownFileType = sourcecode.swift; path = week1Tests.swift; sourceTree = "<group>"; };
/* End PBXFileReference section */

/* Begin PBXFrameworksBuildPhase section */
		A4AB55CD1AFB48FC004EEA8B /* Frameworks */ = {
			isa = PBXFrameworksBuildPhase;
			buildActionMask = 2147483647;
			files = (
			);
			runOnlyForDeploymentPostprocessing = 0;
		};
		A4AB55E21AFB48FC004EEA8B /* Frameworks */ = {
			isa = PBXFrameworksBuildPhase;
			buildActionMask = 2147483647;
			files = (
			);
			runOnlyForDeploymentPostprocessing = 0;
		};
/* End PBXFrameworksBuildPhase section */

/* Begin PBXGroup section */
		A4AB55C71AFB48FC004EEA8B = {
			isa = PBXGroup;
			children = (
				A4AB55D21AFB48FC004EEA8B /* week1 */,
				A4AB55E81AFB48FC004EEA8B /* week1Tests */,
				A4AB55D11AFB48FC004EEA8B /* Products */,
			);
			sourceTree = "<group>";
		};
		A4AB55D11AFB48FC004EEA8B /* Products */ = {
			isa = PBXGroup;
			children = (
				A4AB55D01AFB48FC004EEA8B /* week1.app */,
				A4AB55E51AFB48FC004EEA8B /* week1Tests.xctest */,
			);
			name = Products;
			sourceTree = "<group>";
		};
		A4AB55D21AFB48FC004EEA8B /* week1 */ = {
			isa = PBXGroup;
			children = (
				A4AB55D51AFB48FC004EEA8B /* AppDelegate.swift */,
				A4AB55D71AFB48FC004EEA8B /* ViewController.swift */,
				A4AB55D91AFB48FC004EEA8B /* Main.storyboard */,
				A4AB55DC1AFB48FC004EEA8B /* Images.xcassets */,
				A4AB55DE1AFB48FC004EEA8B /* LaunchScreen.xib */,
				A4AB55D31AFB48FC004EEA8B /* Supporting Files */,
			);
			path = week1;
			sourceTree = "<group>";
		};
		A4AB55D31AFB48FC004EEA8B /* Supporting Files */ = {
			isa = PBXGroup;
			children = (
				A4AB55D41AFB48FC004EEA8B /* Info.plist */,
			);
			name = "Supporting Files";
			sourceTree = "<group>";
		};
		A4AB55E81AFB48FC004EEA8B /* week1Tests */ = {
			isa = PBXGroup;
			children = (
				A4AB55EB1AFB48FC004EEA8B /* week1Tests.swift */,
				A4AB55E91AFB48FC004EEA8B /* Supporting Files */,
			);
			path = week1Tests;
			sourceTree = "<group>";
		};
		A4AB55E91AFB48FC004EEA8B /* Supporting Files */ = {
			isa = PBXGroup;
			children = (
				A4AB55EA1AFB48FC004EEA8B /* Info.plist */,
			);
			name = "Supporting Files";
			sourceTree = "<group>";
		};
/* End PBXGroup section */

/* Begin PBXNativeTarget section */
		A4AB55CF1AFB48FC004EEA8B /* week1 */ = {
			isa = PBXNativeTarget;
			buildConfigurationList = A4AB55EF1AFB48FC004EEA8B /* Build configuration list for PBXNativeTarget "week1" */;
			buildPhases = (
				A4AB55CC1AFB48FC004EEA8B /* Sources */,
				A4AB55CD1AFB48FC004EEA8B /* Frameworks */,
				A4AB55CE1AFB48FC004EEA8B /* Resources */,
			);
			buildRules = (
			);
			dependencies = (
			);
			name = week1;
			productName = week1;
			productReference = A4AB55D01AFB48FC004EEA8B /* week1.app */;
			productType = "com.apple.product-type.application";
		};
		A4AB55E41AFB48FC004EEA8B /* week1Tests */ = {
			isa = PBXNativeTarget;
			buildConfigurationList = A4AB55F21AFB48FC004EEA8B /* Build configuration list for PBXNativeTarget "week1Tests" */;
			buildPhases = (
				A4AB55E11AFB48FC004EEA8B /* Sources */,
				A4AB55E21AFB48FC004EEA8B /* Frameworks */,
				A4AB55E31AFB48FC004EEA8B /* Resources */,
			);
			buildRules = (
			);
			dependencies = (
				A4AB55E71AFB48FC004EEA8B /* PBXTargetDependency */,
			);
			name = week1Tests;
			productName = week1Tests;
			productReference = A4AB55E51AFB48FC004EEA8B /* week1Tests.xctest */;
			productType = "com.apple.product-type.bundle.unit-test";
		};
/* End PBXNativeTarget section */

/* Begin PBXProject section */
		A4AB55C81AFB48FC004EEA8B /* Project object */ = {
			isa = PBXProject;
			attributes = {
				LastUpgradeCheck = 0610;
				ORGANIZATIONNAME = "Hsin Yi Huang";
				TargetAttributes = {
					A4AB55CF1AFB48FC004EEA8B = {
						CreatedOnToolsVersion = 6.1;
					};
					A4AB55E41AFB48FC004EEA8B = {
						CreatedOnToolsVersion = 6.1;
						TestTargetID = A4AB55CF1AFB48FC004EEA8B;
					};
				};
			};
			buildConfigurationList = A4AB55CB1AFB48FC004EEA8B /* Build configuration list for PBXProject "week1" */;
			compatibilityVersion = "Xcode 3.2";
			developmentRegion = English;
			hasScannedForEncodings = 0;
			knownRegions = (
				en,
				Base,
			);
			mainGroup = A4AB55C71AFB48FC004EEA8B;
			productRefGroup = A4AB55D11AFB48FC004EEA8B /* Products */;
			projectDirPath = "";
			projectRoot = "";
			targets = (
				A4AB55CF1AFB48FC004EEA8B /* week1 */,
				A4AB55E41AFB48FC004EEA8B /* week1Tests */,
			);
		};
/* End PBXProject section */

/* Begin PBXResourcesBuildPhase section */
		A4AB55CE1AFB48FC004EEA8B /* Resources */ = {
			isa = PBXResourcesBuildPhase;
			buildActionMask = 2147483647;
			files = (
				A4AB55DB1AFB48FC004EEA8B /* Main.storyboard in Resources */,
				A4AB55E01AFB48FC004EEA8B /* LaunchScreen.xib in Resources */,
				A4AB55DD1AFB48FC004EEA8B /* Images.xcassets in Resources */,
			);
			runOnlyForDeploymentPostprocessing = 0;
		};
		A4AB55E31AFB48FC004EEA8B /* Resources */ = {
			isa = PBXResourcesBuildPhase;
			buildActionMask = 2147483647;
			files = (
			);
			runOnlyForDeploymentPostprocessing = 0;
		};
/* End PBXResourcesBuildPhase section */

/* Begin PBXSourcesBuildPhase section */
		A4AB55CC1AFB48FC004EEA8B /* Sources */ = {
			isa = PBXSourcesBuildPhase;
			buildActionMask = 2147483647;
			files = (
				A4AB55D81AFB48FC004EEA8B /* ViewController.swift in Sources */,
				A4AB55D61AFB48FC004EEA8B /* AppDelegate.swift in Sources */,
			);
			runOnlyForDeploymentPostprocessing = 0;
		};
		A4AB55E11AFB48FC004EEA8B /* Sources */ = {
			isa = PBXSourcesBuildPhase;
			buildActionMask = 2147483647;
			files = (
				A4AB55EC1AFB48FC004EEA8B /* week1Tests.swift in Sources */,
			);
			runOnlyForDeploymentPostprocessing = 0;
		};
/* End PBXSourcesBuildPhase section */

/* Begin PBXTargetDependency section */
		A4AB55E71AFB48FC004EEA8B /* PBXTargetDependency */ = {
			isa = PBXTargetDependency;
			target = A4AB55CF1AFB48FC004EEA8B /* week1 */;
			targetProxy = A4AB55E61AFB48FC004EEA8B /* PBXContainerItemProxy */;
		};
/* End PBXTargetDependency section */

/* Begin PBXVariantGroup section */
		A4AB55D91AFB48FC004EEA8B /* Main.storyboard */ = {
			isa = PBXVariantGroup;
			children = (
				A4AB55DA1AFB48FC004EEA8B /* Base */,
			);
			name = Main.storyboard;
			sourceTree = "<group>";
		};
		A4AB55DE1AFB48FC004EEA8B /* LaunchScreen.xib */ = {
			isa = PBXVariantGroup;
			children = (
				A4AB55DF1AFB48FC004EEA8B /* Base */,
			);
			name = LaunchScreen.xib;
			sourceTree = "<group>";
		};
/* End PBXVariantGroup section */

/* Begin XCBuildConfiguration section */
		A4AB55ED1AFB48FC004EEA8B /* Debug */ = {
			isa = XCBuildConfiguration;
			buildSettings = {
				ALWAYS_SEARCH_USER_PATHS = NO;
				CLANG_CXX_LANGUAGE_STANDARD = "gnu++0x";
				CLANG_CXX_LIBRARY = "libc++";
				CLANG_ENABLE_MODULES = YES;
				CLANG_ENABLE_OBJC_ARC = YES;
				CLANG_WARN_BOOL_CONVERSION = YES;
				CLANG_WARN_CONSTANT_CONVERSION = YES;
				CLANG_WARN_DIRECT_OBJC_ISA_USAGE = YES_ERROR;
				CLANG_WARN_EMPTY_BODY = YES;
				CLANG_WARN_ENUM_CONVERSION = YES;
				CLANG_WARN_INT_CONVERSION = YES;
				CLANG_WARN_OBJC_ROOT_CLASS = YES_ERROR;
				CLANG_WARN_UNREACHABLE_CODE = YES;
				CLANG_WARN__DUPLICATE_METHOD_MATCH = YES;
				"CODE_SIGN_IDENTITY[sdk=iphoneos*]" = "iPhone Developer";
				COPY_PHASE_STRIP = NO;
				ENABLE_STRICT_OBJC_MSGSEND = YES;
				GCC_C_LANGUAGE_STANDARD = gnu99;
				GCC_DYNAMIC_NO_PIC = NO;
				GCC_OPTIMIZATION_LEVEL = 0;
				GCC_PREPROCESSOR_DEFINITIONS = (
					"DEBUG=1",
					"$(inherited)",
				);
				GCC_SYMBOLS_PRIVATE_EXTERN = NO;
				GCC_WARN_64_TO_32_BIT_CONVERSION = YES;
				GCC_WARN_ABOUT_RETURN_TYPE = YES_ERROR;
				GCC_WARN_UNDECLARED_SELECTOR = YES;
				GCC_WARN_UNINITIALIZED_AUTOS = YES_AGGRESSIVE;
				GCC_WARN_UNUSED_FUNCTION = YES;
				GCC_WARN_UNUSED_VARIABLE = YES;
				IPHONEOS_DEPLOYMENT_TARGET = 8.1;
				MTL_ENABLE_DEBUG_INFO = YES;
				ONLY_ACTIVE_ARCH = YES;
				SDKROOT = iphoneos;
				SWIFT_OPTIMIZATION_LEVEL = "-Onone";
			};
			name = Debug;
		};
		A4AB55EE1AFB48FC004EEA8B /* Release */ = {
			isa = XCBuildConfiguration;
			buildSettings = {
				ALWAYS_SEARCH_USER_PATHS = NO;
				CLANG_CXX_LANGUAGE_STANDARD = "gnu++0x";
				CLANG_CXX_LIBRARY = "libc++";
				CLANG_ENABLE_MODULES = YES;
				CLANG_ENABLE_OBJC_ARC = YES;
				CLANG_WARN_BOOL_CONVERSION = YES;
				CLANG_WARN_CONSTANT_CONVERSION = YES;
				CLANG_WARN_DIRECT_OBJC_ISA_USAGE = YES_ERROR;
				CLANG_WARN_EMPTY_BODY = YES;
				CLANG_WARN_ENUM_CONVERSION = YES;
				CLANG_WARN_INT_CONVERSION = YES;
				CLANG_WARN_OBJC_ROOT_CLASS = YES_ERROR;
				CLANG_WARN_UNREACHABLE_CODE = YES;
				CLANG_WARN__DUPLICATE_METHOD_MATCH = YES;
				"CODE_SIGN_IDENTITY[sdk=iphoneos*]" = "iPhone Developer";
				COPY_PHASE_STRIP = YES;
				ENABLE_NS_ASSERTIONS = NO;
				ENABLE_STRICT_OBJC_MSGSEND = YES;
				GCC_C_LANGUAGE_STANDARD = gnu99;
				GCC_WARN_64_TO_32_BIT_CONVERSION = YES;
				GCC_WARN_ABOUT_RETURN_TYPE = YES_ERROR;
				GCC_WARN_UNDECLARED_SELECTOR = YES;
				GCC_WARN_UNINITIALIZED_AUTOS = YES_AGGRESSIVE;
				GCC_WARN_UNUSED_FUNCTION = YES;
				GCC_WARN_UNUSED_VARIABLE = YES;
				IPHONEOS_DEPLOYMENT_TARGET = 8.1;
				MTL_ENABLE_DEBUG_INFO = NO;
				SDKROOT = iphoneos;
				VALIDATE_PRODUCT = YES;
			};
			name = Release;
		};
		A4AB55F01AFB48FC004EEA8B /* Debug */ = {
			isa = XCBuildConfiguration;
			buildSettings = {
				ASSETCATALOG_COMPILER_APPICON_NAME = AppIcon;
				INFOPLIST_FILE = week1/Info.plist;
				LD_RUNPATH_SEARCH_PATHS = "$(inherited) @executable_path/Frameworks";
				PRODUCT_NAME = "$(TARGET_NAME)";
			};
			name = Debug;
		};
		A4AB55F11AFB48FC004EEA8B /* Release */ = {
			isa = XCBuildConfiguration;
			buildSettings = {
				ASSETCATALOG_COMPILER_APPICON_NAME = AppIcon;
				INFOPLIST_FILE = week1/Info.plist;
				LD_RUNPATH_SEARCH_PATHS = "$(inherited) @executable_path/Frameworks";
				PRODUCT_NAME = "$(TARGET_NAME)";
			};
			name = Release;
		};
		A4AB55F31AFB48FC004EEA8B /* Debug */ = {
			isa = XCBuildConfiguration;
			buildSettings = {
				BUNDLE_LOADER = "$(TEST_HOST)";
				FRAMEWORK_SEARCH_PATHS = (
					"$(SDKROOT)/Developer/Library/Frameworks",
					"$(inherited)",
				);
				GCC_PREPROCESSOR_DEFINITIONS = (
					"DEBUG=1",
					"$(inherited)",
				);
				INFOPLIST_FILE = week1Tests/Info.plist;
				LD_RUNPATH_SEARCH_PATHS = "$(inherited) @executable_path/Frameworks @loader_path/Frameworks";
				PRODUCT_NAME = "$(TARGET_NAME)";
				TEST_HOST = "$(BUILT_PRODUCTS_DIR)/week1.app/week1";
			};
			name = Debug;
		};
		A4AB55F41AFB48FC004EEA8B /* Release */ = {
			isa = XCBuildConfiguration;
			buildSettings = {
				BUNDLE_LOADER = "$(TEST_HOST)";
				FRAMEWORK_SEARCH_PATHS = (
					"$(SDKROOT)/Developer/Library/Frameworks",
					"$(inherited)",
				);
				INFOPLIST_FILE = week1Tests/Info.plist;
				LD_RUNPATH_SEARCH_PATHS = "$(inherited) @executable_path/Frameworks @loader_path/Frameworks";
				PRODUCT_NAME = "$(TARGET_NAME)";
				TEST_HOST = "$(BUILT_PRODUCTS_DIR)/week1.app/week1";
			};
			name = Release;
		};
/* End XCBuildConfiguration section */

/* Begin XCConfigurationList section */
		A4AB55CB1AFB48FC004EEA8B /* Build configuration list for PBXProject "week1" */ = {
			isa = XCConfigurationList;
			buildConfigurations = (
				A4AB55ED1AFB48FC004EEA8B /* Debug */,
				A4AB55EE1AFB48FC004EEA8B /* Release */,
			);
			defaultConfigurationIsVisible = 0;
			defaultConfigurationName = Release;
		};
		A4AB55EF1AFB48FC004EEA8B /* Build configuration list for PBXNativeTarget "week1" */ = {
			isa = XCConfigurationList;
			buildConfigurations = (
				A4AB55F01AFB48FC004EEA8B /* Debug */,
				A4AB55F11AFB48FC004EEA8B /* Release */,
			);
			defaultConfigurationIsVisible = 0;
		};
		A4AB55F21AFB48FC004EEA8B /* Build configuration list for PBXNativeTarget "week1Tests" */ = {
			isa = XCConfigurationList;
			buildConfigurations = (
				A4AB55F31AFB48FC004EEA8B /* Debug */,
				A4AB55F41AFB48FC004EEA8B /* Release */,
			);
			defaultConfigurationIsVisible = 0;
		};
/* End XCConfigurationList section */
	};
	rootObject = A4AB55C81AFB48FC004EEA8B /* Project object */;
}
